
Microsoft Visual Studio Solution File, Format Version 12.00
# Visual Studio 15
VisualStudioVersion = 15.0.27703.2047
MinimumVisualStudioVersion = 10.0.40219.1
Project("{9A19103F-16F7-4668-BE54-9A1E7A4F7556}") = "dotnetcorechat", "..\Chat.Web\dotnetcorechat.csproj", "{493B91E7-A0FC-4998-8C39-03A54033156B}"
EndProject
Project("{151D2E53-A2C4-4D7D-83FE-D05416EBD58E}") = "dotnetcorechat.ARM", "dotnetcorechat.ARM\dotnetcorechat.ARM.deployproj", "{36119861-4372-46A6-9D6F-A58DBAE8513C}"
EndProject
Global
	GlobalSection(SolutionConfigurationPlatforms) = preSolution
		Debug|Any CPU = Debug|Any CPU
		Release|Any CPU = Release|Any CPU
	EndGlobalSection
	GlobalSection(ProjectConfigurationPlatforms) = postSolution
		{493B91E7-A0FC-4998-8C39-03A54033156B}.Debug|Any CPU.ActiveCfg = Debug|Any CPU
		{493B91E7-A0FC-4998-8C39-03A54033156B}.Debug|Any CPU.Build.0 = Debug|Any CPU
		{493B91E7-A0FC-4998-8C39-03A54033156B}.Release|Any CPU.ActiveCfg = Release|Any CPU
		{493B91E7-A0FC-4998-8C39-03A54033156B}.Release|Any CPU.Build.0 = Release|Any CPU
		{36119861-4372-46A6-9D6F-A58DBAE8513C}.Debug|Any CPU.ActiveCfg = Debug|Any CPU
		{36119861-4372-46A6-9D6F-A58DBAE8513C}.Debug|Any CPU.Build.0 = Debug|Any CPU
		{36119861-4372-46A6-9D6F-A58DBAE8513C}.Release|Any CPU.ActiveCfg = Release|Any CPU
		{36119861-4372-46A6-9D6F-A58DBAE8513C}.Release|Any CPU.Build.0 = Release|Any CPU
	EndGlobalSection
	GlobalSection(SolutionProperties) = preSolution
		HideSolutionNode = FALSE
	EndGlobalSection
	GlobalSection(ExtensibilityGlobals) = postSolution
		SolutionGuid = {B721CCEF-2AB4-4BD9-A85F-822C1E2C3B4A}
	EndGlobalSection
EndGlobal
